// !$*UTF8*$!
{
	archiveVersion = 1;
	classes = {
	};
	objectVersion = 56;
	objects = {

/* Begin PBXBuildFile section */
		18995BC52A787129005F9458 /* CoursePhotoAppApp.swift in Sources */ = {isa = PBXBuildFile; fileRef = 18995BC42A787129005F9458 /* CoursePhotoAppApp.swift */; };
		18995BC72A787129005F9458 /* FeedView.swift in Sources */ = {isa = PBXBuildFile; fileRef = 18995BC62A787129005F9458 /* FeedView.swift */; };
		18995BC92A78712B005F9458 /* Assets.xcassets in Resources */ = {isa = PBXBuildFile; fileRef = 18995BC82A78712B005F9458 /* Assets.xcassets */; };
		18995BCC2A78712B005F9458 /* Preview Assets.xcassets in Resources */ = {isa = PBXBuildFile; fileRef = 18995BCB2A78712B005F9458 /* Preview Assets.xcassets */; };
		18995BD62A78712B005F9458 /* CoursePhotoAppTests.swift in Sources */ = {isa = PBXBuildFile; fileRef = 18995BD52A78712B005F9458 /* CoursePhotoAppTests.swift */; };
		18995BE02A78712B005F9458 /* CoursePhotoAppUITests.swift in Sources */ = {isa = PBXBuildFile; fileRef = 18995BDF2A78712B005F9458 /* CoursePhotoAppUITests.swift */; };
		18995BE22A78712B005F9458 /* CoursePhotoAppUITestsLaunchTests.swift in Sources */ = {isa = PBXBuildFile; fileRef = 18995BE12A78712B005F9458 /* CoursePhotoAppUITestsLaunchTests.swift */; };
		18995BF12A7887A2005F9458 /* Billabong.ttf in Resources */ = {isa = PBXBuildFile; fileRef = 18995BEF2A7884C6005F9458 /* Billabong.ttf */; };
		18995BF42A78A64B005F9458 /* ColorExtensions.swift in Sources */ = {isa = PBXBuildFile; fileRef = 18995BF32A78A64B005F9458 /* ColorExtensions.swift */; };
		18995BF72A78AEE4005F9458 /* RoundedImageView.swift in Sources */ = {isa = PBXBuildFile; fileRef = 18995BF62A78AEE4005F9458 /* RoundedImageView.swift */; };
		18995BFA2A79ADF8005F9458 /* FeedViewModel.swift in Sources */ = {isa = PBXBuildFile; fileRef = 18995BF92A79ADF8005F9458 /* FeedViewModel.swift */; };
		18995C002A7A128A005F9458 /* NavigationBarView.swift in Sources */ = {isa = PBXBuildFile; fileRef = 18995BFF2A7A128A005F9458 /* NavigationBarView.swift */; };
		18995C022A7A12A9005F9458 /* CardView.swift in Sources */ = {isa = PBXBuildFile; fileRef = 18995C012A7A12A9005F9458 /* CardView.swift */; };
/* End PBXBuildFile section */

/* Begin PBXContainerItemProxy section */
		18995BD22A78712B005F9458 /* PBXContainerItemProxy */ = {
			isa = PBXContainerItemProxy;
			containerPortal = 18995BB92A787129005F9458 /* Project object */;
			proxyType = 1;
			remoteGlobalIDString = 18995BC02A787129005F9458;
			remoteInfo = CoursePhotoApp;
		};
		18995BDC2A78712B005F9458 /* PBXContainerItemProxy */ = {
			isa = PBXContainerItemProxy;
			containerPortal = 18995BB92A787129005F9458 /* Project object */;
			proxyType = 1;
			remoteGlobalIDString = 18995BC02A787129005F9458;
			remoteInfo = CoursePhotoApp;
		};
/* End PBXContainerItemProxy section */

/* Begin PBXFileReference section */
		18995BC12A787129005F9458 /* CoursePhotoApp.app */ = {isa = PBXFileReference; explicitFileType = wrapper.application; includeInIndex = 0; path = CoursePhotoApp.app; sourceTree = BUILT_PRODUCTS_DIR; };
		18995BC42A787129005F9458 /* CoursePhotoAppApp.swift */ = {isa = PBXFileReference; lastKnownFileType = sourcecode.swift; path = CoursePhotoAppApp.swift; sourceTree = "<group>"; };
		18995BC62A787129005F9458 /* FeedView.swift */ = {isa = PBXFileReference; lastKnownFileType = sourcecode.swift; path = FeedView.swift; sourceTree = "<group>"; };
		18995BC82A78712B005F9458 /* Assets.xcassets */ = {isa = PBXFileReference; lastKnownFileType = folder.assetcatalog; path = Assets.xcassets; sourceTree = "<group>"; };
		18995BCB2A78712B005F9458 /* Preview Assets.xcassets */ = {isa = PBXFileReference; lastKnownFileType = folder.assetcatalog; path = "Preview Assets.xcassets"; sourceTree = "<group>"; };
		18995BD12A78712B005F9458 /* CoursePhotoAppTests.xctest */ = {isa = PBXFileReference; explicitFileType = wrapper.cfbundle; includeInIndex = 0; path = CoursePhotoAppTests.xctest; sourceTree = BUILT_PRODUCTS_DIR; };
		18995BD52A78712B005F9458 /* CoursePhotoAppTests.swift */ = {isa = PBXFileReference; lastKnownFileType = sourcecode.swift; path = CoursePhotoAppTests.swift; sourceTree = "<group>"; };
		18995BDB2A78712B005F9458 /* CoursePhotoAppUITests.xctest */ = {isa = PBXFileReference; explicitFileType = wrapper.cfbundle; includeInIndex = 0; path = CoursePhotoAppUITests.xctest; sourceTree = BUILT_PRODUCTS_DIR; };
		18995BDF2A78712B005F9458 /* CoursePhotoAppUITests.swift */ = {isa = PBXFileReference; lastKnownFileType = sourcecode.swift; path = CoursePhotoAppUITests.swift; sourceTree = "<group>"; };
		18995BE12A78712B005F9458 /* CoursePhotoAppUITestsLaunchTests.swift */ = {isa = PBXFileReference; lastKnownFileType = sourcecode.swift; path = CoursePhotoAppUITestsLaunchTests.swift; sourceTree = "<group>"; };
		18995BEF2A7884C6005F9458 /* Billabong.ttf */ = {isa = PBXFileReference; lastKnownFileType = file; name = Billabong.ttf; path = ../../../../Downloads/Billabong.ttf; sourceTree = "<group>"; };
		18995BF02A788750005F9458 /* Info.plist */ = {isa = PBXFileReference; lastKnownFileType = text.plist; path = Info.plist; sourceTree = "<group>"; };
		18995BF32A78A64B005F9458 /* ColorExtensions.swift */ = {isa = PBXFileReference; lastKnownFileType = sourcecode.swift; path = ColorExtensions.swift; sourceTree = "<group>"; };
		18995BF62A78AEE4005F9458 /* RoundedImageView.swift */ = {isa = PBXFileReference; lastKnownFileType = sourcecode.swift; path = RoundedImageView.swift; sourceTree = "<group>"; };
		18995BF92A79ADF8005F9458 /* FeedViewModel.swift */ = {isa = PBXFileReference; lastKnownFileType = sourcecode.swift; path = FeedViewModel.swift; sourceTree = "<group>"; };
		18995BFF2A7A128A005F9458 /* NavigationBarView.swift */ = {isa = PBXFileReference; lastKnownFileType = sourcecode.swift; path = NavigationBarView.swift; sourceTree = "<group>"; };
		18995C012A7A12A9005F9458 /* CardView.swift */ = {isa = PBXFileReference; lastKnownFileType = sourcecode.swift; path = CardView.swift; sourceTree = "<group>"; };
/* End PBXFileReference section */

/* Begin PBXFrameworksBuildPhase section */
		18995BBE2A787129005F9458 /* Frameworks */ = {
			isa = PBXFrameworksBuildPhase;
			buildActionMask = 2147483647;
			files = (
			);
			runOnlyForDeploymentPostprocessing = 0;
		};
		18995BCE2A78712B005F9458 /* Frameworks */ = {
			isa = PBXFrameworksBuildPhase;
			buildActionMask = 2147483647;
			files = (
			);
			runOnlyForDeploymentPostprocessing = 0;
		};
		18995BD82A78712B005F9458 /* Frameworks */ = {
			isa = PBXFrameworksBuildPhase;
			buildActionMask = 2147483647;
			files = (
			);
			runOnlyForDeploymentPostprocessing = 0;
		};
/* End PBXFrameworksBuildPhase section */

/* Begin PBXGroup section */
		18995BB82A787129005F9458 = {
			isa = PBXGroup;
			children = (
				18995BC32A787129005F9458 /* CoursePhotoApp */,
				18995BD42A78712B005F9458 /* CoursePhotoAppTests */,
				18995BDE2A78712B005F9458 /* CoursePhotoAppUITests */,
				18995BC22A787129005F9458 /* Products */,
			);
			sourceTree = "<group>";
		};
		18995BC22A787129005F9458 /* Products */ = {
			isa = PBXGroup;
			children = (
				18995BC12A787129005F9458 /* CoursePhotoApp.app */,
				18995BD12A78712B005F9458 /* CoursePhotoAppTests.xctest */,
				18995BDB2A78712B005F9458 /* CoursePhotoAppUITests.xctest */,
			);
			name = Products;
			sourceTree = "<group>";
		};
		18995BC32A787129005F9458 /* CoursePhotoApp */ = {
			isa = PBXGroup;
			children = (
				18995BF82A79ADE0005F9458 /* ViewModels */,
				18995BF52A78AEA9005F9458 /* Views */,
				18995BF22A78A60F005F9458 /* extensions */,
				18995BF02A788750005F9458 /* Info.plist */,
				18995BEE2A787CBE005F9458 /* Fonts */,
				18995BC42A787129005F9458 /* CoursePhotoAppApp.swift */,
				18995BC82A78712B005F9458 /* Assets.xcassets */,
				18995BCA2A78712B005F9458 /* Preview Content */,
			);
			path = CoursePhotoApp;
			sourceTree = "<group>";
		};
		18995BCA2A78712B005F9458 /* Preview Content */ = {
			isa = PBXGroup;
			children = (
				18995BCB2A78712B005F9458 /* Preview Assets.xcassets */,
			);
			path = "Preview Content";
			sourceTree = "<group>";
		};
		18995BD42A78712B005F9458 /* CoursePhotoAppTests */ = {
			isa = PBXGroup;
			children = (
				18995BD52A78712B005F9458 /* CoursePhotoAppTests.swift */,
			);
			path = CoursePhotoAppTests;
			sourceTree = "<group>";
		};
		18995BDE2A78712B005F9458 /* CoursePhotoAppUITests */ = {
			isa = PBXGroup;
			children = (
				18995BDF2A78712B005F9458 /* CoursePhotoAppUITests.swift */,
				18995BE12A78712B005F9458 /* CoursePhotoAppUITestsLaunchTests.swift */,
			);
			path = CoursePhotoAppUITests;
			sourceTree = "<group>";
		};
		18995BEE2A787CBE005F9458 /* Fonts */ = {
			isa = PBXGroup;
			children = (
				18995BEF2A7884C6005F9458 /* Billabong.ttf */,
			);
			path = Fonts;
			sourceTree = "<group>";
		};
		18995BF22A78A60F005F9458 /* extensions */ = {
			isa = PBXGroup;
			children = (
				18995BF32A78A64B005F9458 /* ColorExtensions.swift */,
			);
			path = extensions;
			sourceTree = "<group>";
		};
		18995BF52A78AEA9005F9458 /* Views */ = {
			isa = PBXGroup;
			children = (
				18995BC62A787129005F9458 /* FeedView.swift */,
				18995BF62A78AEE4005F9458 /* RoundedImageView.swift */,
				18995BFF2A7A128A005F9458 /* NavigationBarView.swift */,
				18995C012A7A12A9005F9458 /* CardView.swift */,
			);
			path = Views;
			sourceTree = "<group>";
		};
		18995BF82A79ADE0005F9458 /* ViewModels */ = {
			isa = PBXGroup;
			children = (
				18995BF92A79ADF8005F9458 /* FeedViewModel.swift */,
			);
			path = ViewModels;
			sourceTree = "<group>";
		};
/* End PBXGroup section */

/* Begin PBXNativeTarget section */
		18995BC02A787129005F9458 /* CoursePhotoApp */ = {
			isa = PBXNativeTarget;
			buildConfigurationList = 18995BE52A78712B005F9458 /* Build configuration list for PBXNativeTarget "CoursePhotoApp" */;
			buildPhases = (
				18995BBD2A787129005F9458 /* Sources */,
				18995BBE2A787129005F9458 /* Frameworks */,
				18995BBF2A787129005F9458 /* Resources */,
			);
			buildRules = (
			);
			dependencies = (
			);
			name = CoursePhotoApp;
			productName = CoursePhotoApp;
			productReference = 18995BC12A787129005F9458 /* CoursePhotoApp.app */;
			productType = "com.apple.product-type.application";
		};
		18995BD02A78712B005F9458 /* CoursePhotoAppTests */ = {
			isa = PBXNativeTarget;
			buildConfigurationList = 18995BE82A78712B005F9458 /* Build configuration list for PBXNativeTarget "CoursePhotoAppTests" */;
			buildPhases = (
				18995BCD2A78712B005F9458 /* Sources */,
				18995BCE2A78712B005F9458 /* Frameworks */,
				18995BCF2A78712B005F9458 /* Resources */,
			);
			buildRules = (
			);
			dependencies = (
				18995BD32A78712B005F9458 /* PBXTargetDependency */,
			);
			name = CoursePhotoAppTests;
			productName = CoursePhotoAppTests;
			productReference = 18995BD12A78712B005F9458 /* CoursePhotoAppTests.xctest */;
			productType = "com.apple.product-type.bundle.unit-test";
		};
		18995BDA2A78712B005F9458 /* CoursePhotoAppUITests */ = {
			isa = PBXNativeTarget;
			buildConfigurationList = 18995BEB2A78712B005F9458 /* Build configuration list for PBXNativeTarget "CoursePhotoAppUITests" */;
			buildPhases = (
				18995BD72A78712B005F9458 /* Sources */,
				18995BD82A78712B005F9458 /* Frameworks */,
				18995BD92A78712B005F9458 /* Resources */,
			);
			buildRules = (
			);
			dependencies = (
				18995BDD2A78712B005F9458 /* PBXTargetDependency */,
			);
			name = CoursePhotoAppUITests;
			productName = CoursePhotoAppUITests;
			productReference = 18995BDB2A78712B005F9458 /* CoursePhotoAppUITests.xctest */;
			productType = "com.apple.product-type.bundle.ui-testing";
		};
/* End PBXNativeTarget section */

/* Begin PBXProject section */
		18995BB92A787129005F9458 /* Project object */ = {
			isa = PBXProject;
			attributes = {
				BuildIndependentTargetsInParallel = 1;
				LastSwiftUpdateCheck = 1430;
				LastUpgradeCheck = 1430;
				TargetAttributes = {
					18995BC02A787129005F9458 = {
						CreatedOnToolsVersion = 14.3.1;
					};
					18995BD02A78712B005F9458 = {
						CreatedOnToolsVersion = 14.3.1;
						TestTargetID = 18995BC02A787129005F9458;
					};
					18995BDA2A78712B005F9458 = {
						CreatedOnToolsVersion = 14.3.1;
						TestTargetID = 18995BC02A787129005F9458;
					};
				};
			};
			buildConfigurationList = 18995BBC2A787129005F9458 /* Build configuration list for PBXProject "CoursePhotoApp" */;
			compatibilityVersion = "Xcode 14.0";
			developmentRegion = en;
			hasScannedForEncodings = 0;
			knownRegions = (
				en,
				Base,
			);
			mainGroup = 18995BB82A787129005F9458;
			productRefGroup = 18995BC22A787129005F9458 /* Products */;
			projectDirPath = "";
			projectRoot = "";
			targets = (
				18995BC02A787129005F9458 /* CoursePhotoApp */,
				18995BD02A78712B005F9458 /* CoursePhotoAppTests */,
				18995BDA2A78712B005F9458 /* CoursePhotoAppUITests */,
			);
		};
/* End PBXProject section */

/* Begin PBXResourcesBuildPhase section */
		18995BBF2A787129005F9458 /* Resources */ = {
			isa = PBXResourcesBuildPhase;
			buildActionMask = 2147483647;
			files = (
				18995BF12A7887A2005F9458 /* Billabong.ttf in Resources */,
				18995BCC2A78712B005F9458 /* Preview Assets.xcassets in Resources */,
				18995BC92A78712B005F9458 /* Assets.xcassets in Resources */,
			);
			runOnlyForDeploymentPostprocessing = 0;
		};
		18995BCF2A78712B005F9458 /* Resources */ = {
			isa = PBXResourcesBuildPhase;
			buildActionMask = 2147483647;
			files = (
			);
			runOnlyForDeploymentPostprocessing = 0;
		};
		18995BD92A78712B005F9458 /* Resources */ = {
			isa = PBXResourcesBuildPhase;
			buildActionMask = 2147483647;
			files = (
			);
			runOnlyForDeploymentPostprocessing = 0;
		};
/* End PBXResourcesBuildPhase section */

/* Begin PBXSourcesBuildPhase section */
		18995BBD2A787129005F9458 /* Sources */ = {
			isa = PBXSourcesBuildPhase;
			buildActionMask = 2147483647;
			files = (
				18995BFA2A79ADF8005F9458 /* FeedViewModel.swift in Sources */,
				18995BF72A78AEE4005F9458 /* RoundedImageView.swift in Sources */,
				18995BC72A787129005F9458 /* FeedView.swift in Sources */,
				18995BC52A787129005F9458 /* CoursePhotoAppApp.swift in Sources */,
				18995C002A7A128A005F9458 /* NavigationBarView.swift in Sources */,
				18995C022A7A12A9005F9458 /* CardView.swift in Sources */,
				18995BF42A78A64B005F9458 /* ColorExtensions.swift in Sources */,
			);
			runOnlyForDeploymentPostprocessing = 0;
		};
		18995BCD2A78712B005F9458 /* Sources */ = {
			isa = PBXSourcesBuildPhase;
			buildActionMask = 2147483647;
			files = (
				18995BD62A78712B005F9458 /* CoursePhotoAppTests.swift in Sources */,
			);
			runOnlyForDeploymentPostprocessing = 0;
		};
		18995BD72A78712B005F9458 /* Sources */ = {
			isa = PBXSourcesBuildPhase;
			buildActionMask = 2147483647;
			files = (
				18995BE22A78712B005F9458 /* CoursePhotoAppUITestsLaunchTests.swift in Sources */,
				18995BE02A78712B005F9458 /* CoursePhotoAppUITests.swift in Sources */,
			);
			runOnlyForDeploymentPostprocessing = 0;
		};
/* End PBXSourcesBuildPhase section */

/* Begin PBXTargetDependency section */
		18995BD32A78712B005F9458 /* PBXTargetDependency */ = {
			isa = PBXTargetDependency;
			target = 18995BC02A787129005F9458 /* CoursePhotoApp */;
			targetProxy = 18995BD22A78712B005F9458 /* PBXContainerItemProxy */;
		};
		18995BDD2A78712B005F9458 /* PBXTargetDependency */ = {
			isa = PBXTargetDependency;
			target = 18995BC02A787129005F9458 /* CoursePhotoApp */;
			targetProxy = 18995BDC2A78712B005F9458 /* PBXContainerItemProxy */;
		};
/* End PBXTargetDependency section */

/* Begin XCBuildConfiguration section */
		18995BE32A78712B005F9458 /* Debug */ = {
			isa = XCBuildConfiguration;
			buildSettings = {
				ALWAYS_SEARCH_USER_PATHS = NO;
				CLANG_ANALYZER_NONNULL = YES;
				CLANG_ANALYZER_NUMBER_OBJECT_CONVERSION = YES_AGGRESSIVE;
				CLANG_CXX_LANGUAGE_STANDARD = "gnu++20";
				CLANG_ENABLE_MODULES = YES;
				CLANG_ENABLE_OBJC_ARC = YES;
				CLANG_ENABLE_OBJC_WEAK = YES;
				CLANG_WARN_BLOCK_CAPTURE_AUTORELEASING = YES;
				CLANG_WARN_BOOL_CONVERSION = YES;
				CLANG_WARN_COMMA = YES;
				CLANG_WARN_CONSTANT_CONVERSION = YES;
				CLANG_WARN_DEPRECATED_OBJC_IMPLEMENTATIONS = YES;
				CLANG_WARN_DIRECT_OBJC_ISA_USAGE = YES_ERROR;
				CLANG_WARN_DOCUMENTATION_COMMENTS = YES;
				CLANG_WARN_EMPTY_BODY = YES;
				CLANG_WARN_ENUM_CONVERSION = YES;
				CLANG_WARN_INFINITE_RECURSION = YES;
				CLANG_WARN_INT_CONVERSION = YES;
				CLANG_WARN_NON_LITERAL_NULL_CONVERSION = YES;
				CLANG_WARN_OBJC_IMPLICIT_RETAIN_SELF = YES;
				CLANG_WARN_OBJC_LITERAL_CONVERSION = YES;
				CLANG_WARN_OBJC_ROOT_CLASS = YES_ERROR;
				CLANG_WARN_QUOTED_INCLUDE_IN_FRAMEWORK_HEADER = YES;
				CLANG_WARN_RANGE_LOOP_ANALYSIS = YES;
				CLANG_WARN_STRICT_PROTOTYPES = YES;
				CLANG_WARN_SUSPICIOUS_MOVE = YES;
				CLANG_WARN_UNGUARDED_AVAILABILITY = YES_AGGRESSIVE;
				CLANG_WARN_UNREACHABLE_CODE = YES;
				CLANG_WARN__DUPLICATE_METHOD_MATCH = YES;
				COPY_PHASE_STRIP = NO;
				DEBUG_INFORMATION_FORMAT = dwarf;
				ENABLE_STRICT_OBJC_MSGSEND = YES;
				ENABLE_TESTABILITY = YES;
				GCC_C_LANGUAGE_STANDARD = gnu11;
				GCC_DYNAMIC_NO_PIC = NO;
				GCC_NO_COMMON_BLOCKS = YES;
				GCC_OPTIMIZATION_LEVEL = 0;
				GCC_PREPROCESSOR_DEFINITIONS = (
					"DEBUG=1",
					"$(inherited)",
				);
				GCC_WARN_64_TO_32_BIT_CONVERSION = YES;
				GCC_WARN_ABOUT_RETURN_TYPE = YES_ERROR;
				GCC_WARN_UNDECLARED_SELECTOR = YES;
				GCC_WARN_UNINITIALIZED_AUTOS = YES_AGGRESSIVE;
				GCC_WARN_UNUSED_FUNCTION = YES;
				GCC_WARN_UNUSED_VARIABLE = YES;
				IPHONEOS_DEPLOYMENT_TARGET = 16.4;
				MTL_ENABLE_DEBUG_INFO = INCLUDE_SOURCE;
				MTL_FAST_MATH = YES;
				ONLY_ACTIVE_ARCH = YES;
				SDKROOT = iphoneos;
				SWIFT_ACTIVE_COMPILATION_CONDITIONS = DEBUG;
				SWIFT_OPTIMIZATION_LEVEL = "-Onone";
			};
			name = Debug;
		};
		18995BE42A78712B005F9458 /* Release */ = {
			isa = XCBuildConfiguration;
			buildSettings = {
				ALWAYS_SEARCH_USER_PATHS = NO;
				CLANG_ANALYZER_NONNULL = YES;
				CLANG_ANALYZER_NUMBER_OBJECT_CONVERSION = YES_AGGRESSIVE;
				CLANG_CXX_LANGUAGE_STANDARD = "gnu++20";
				CLANG_ENABLE_MODULES = YES;
				CLANG_ENABLE_OBJC_ARC = YES;
				CLANG_ENABLE_OBJC_WEAK = YES;
				CLANG_WARN_BLOCK_CAPTURE_AUTORELEASING = YES;
				CLANG_WARN_BOOL_CONVERSION = YES;
				CLANG_WARN_COMMA = YES;
				CLANG_WARN_CONSTANT_CONVERSION = YES;
				CLANG_WARN_DEPRECATED_OBJC_IMPLEMENTATIONS = YES;
				CLANG_WARN_DIRECT_OBJC_ISA_USAGE = YES_ERROR;
				CLANG_WARN_DOCUMENTATION_COMMENTS = YES;
				CLANG_WARN_EMPTY_BODY = YES;
				CLANG_WARN_ENUM_CONVERSION = YES;
				CLANG_WARN_INFINITE_RECURSION = YES;
				CLANG_WARN_INT_CONVERSION = YES;
				CLANG_WARN_NON_LITERAL_NULL_CONVERSION = YES;
				CLANG_WARN_OBJC_IMPLICIT_RETAIN_SELF = YES;
				CLANG_WARN_OBJC_LITERAL_CONVERSION = YES;
				CLANG_WARN_OBJC_ROOT_CLASS = YES_ERROR;
				CLANG_WARN_QUOTED_INCLUDE_IN_FRAMEWORK_HEADER = YES;
				CLANG_WARN_RANGE_LOOP_ANALYSIS = YES;
				CLANG_WARN_STRICT_PROTOTYPES = YES;
				CLANG_WARN_SUSPICIOUS_MOVE = YES;
				CLANG_WARN_UNGUARDED_AVAILABILITY = YES_AGGRESSIVE;
				CLANG_WARN_UNREACHABLE_CODE = YES;
				CLANG_WARN__DUPLICATE_METHOD_MATCH = YES;
				COPY_PHASE_STRIP = NO;
				DEBUG_INFORMATION_FORMAT = "dwarf-with-dsym";
				ENABLE_NS_ASSERTIONS = NO;
				ENABLE_STRICT_OBJC_MSGSEND = YES;
				GCC_C_LANGUAGE_STANDARD = gnu11;
				GCC_NO_COMMON_BLOCKS = YES;
				GCC_WARN_64_TO_32_BIT_CONVERSION = YES;
				GCC_WARN_ABOUT_RETURN_TYPE = YES_ERROR;
				GCC_WARN_UNDECLARED_SELECTOR = YES;
				GCC_WARN_UNINITIALIZED_AUTOS = YES_AGGRESSIVE;
				GCC_WARN_UNUSED_FUNCTION = YES;
				GCC_WARN_UNUSED_VARIABLE = YES;
				IPHONEOS_DEPLOYMENT_TARGET = 16.4;
				MTL_ENABLE_DEBUG_INFO = NO;
				MTL_FAST_MATH = YES;
				SDKROOT = iphoneos;
				SWIFT_COMPILATION_MODE = wholemodule;
				SWIFT_OPTIMIZATION_LEVEL = "-O";
				VALIDATE_PRODUCT = YES;
			};
			name = Release;
		};
		18995BE62A78712B005F9458 /* Debug */ = {
			isa = XCBuildConfiguration;
			buildSettings = {
				ASSETCATALOG_COMPILER_APPICON_NAME = AppIcon;
				ASSETCATALOG_COMPILER_GLOBAL_ACCENT_COLOR_NAME = AccentColor;
				CODE_SIGN_STYLE = Automatic;
				CURRENT_PROJECT_VERSION = 1;
				DEVELOPMENT_ASSET_PATHS = "\"CoursePhotoApp/Preview Content\"";
				DEVELOPMENT_TEAM = 66GC8JYBL7;
				ENABLE_PREVIEWS = YES;
				GENERATE_INFOPLIST_FILE = YES;
				INFOPLIST_FILE = CoursePhotoApp/Info.plist;
				INFOPLIST_KEY_UIApplicationSceneManifest_Generation = YES;
				INFOPLIST_KEY_UIApplicationSupportsIndirectInputEvents = YES;
				INFOPLIST_KEY_UILaunchScreen_Generation = YES;
				INFOPLIST_KEY_UISupportedInterfaceOrientations_iPhone = "UIInterfaceOrientationPortrait UIInterfaceOrientationLandscapeLeft UIInterfaceOrientationLandscapeRight";
				LD_RUNPATH_SEARCH_PATHS = (
					"$(inherited)",
					"@executable_path/Frameworks",
				);
				MARKETING_VERSION = 1.0;
				PRODUCT_BUNDLE_IDENTIFIER = io.johnathan.CoursePhotoApp;
				PRODUCT_NAME = "$(TARGET_NAME)";
				SWIFT_EMIT_LOC_STRINGS = YES;
				SWIFT_VERSION = 5.0;
				TARGETED_DEVICE_FAMILY = "1,2";
			};
			name = Debug;
		};
		18995BE72A78712B005F9458 /* Release */ = {
			isa = XCBuildConfiguration;
			buildSettings = {
				ASSETCATALOG_COMPILER_APPICON_NAME = AppIcon;
				ASSETCATALOG_COMPILER_GLOBAL_ACCENT_COLOR_NAME = AccentColor;
				CODE_SIGN_STYLE = Automatic;
				CURRENT_PROJECT_VERSION = 1;
				DEVELOPMENT_ASSET_PATHS = "\"CoursePhotoApp/Preview Content\"";
				DEVELOPMENT_TEAM = 66GC8JYBL7;
				ENABLE_PREVIEWS = YES;
				GENERATE_INFOPLIST_FILE = YES;
				INFOPLIST_FILE = CoursePhotoApp/Info.plist;
				INFOPLIST_KEY_UIApplicationSceneManifest_Generation = YES;
				INFOPLIST_KEY_UIApplicationSupportsIndirectInputEvents = YES;
				INFOPLIST_KEY_UILaunchScreen_Generation = YES;
				INFOPLIST_KEY_UISupportedInterfaceOrientations_iPhone = "UIInterfaceOrientationPortrait UIInterfaceOrientationLandscapeLeft UIInterfaceOrientationLandscapeRight";
				LD_RUNPATH_SEARCH_PATHS = (
					"$(inherited)",
					"@executable_path/Frameworks",
				);
				MARKETING_VERSION = 1.0;
				PRODUCT_BUNDLE_IDENTIFIER = io.johnathan.CoursePhotoApp;
				PRODUCT_NAME = "$(TARGET_NAME)";
				SWIFT_EMIT_LOC_STRINGS = YES;
				SWIFT_VERSION = 5.0;
				TARGETED_DEVICE_FAMILY = "1,2";
			};
			name = Release;
		};
		18995BE92A78712B005F9458 /* Debug */ = {
			isa = XCBuildConfiguration;
			buildSettings = {
				ALWAYS_EMBED_SWIFT_STANDARD_LIBRARIES = YES;
				BUNDLE_LOADER = "$(TEST_HOST)";
				CODE_SIGN_STYLE = Automatic;
				CURRENT_PROJECT_VERSION = 1;
				DEVELOPMENT_TEAM = 66GC8JYBL7;
				GENERATE_INFOPLIST_FILE = YES;
				IPHONEOS_DEPLOYMENT_TARGET = 16.4;
				MARKETING_VERSION = 1.0;
				PRODUCT_BUNDLE_IDENTIFIER = io.johnathan.CoursePhotoAppTests;
				PRODUCT_NAME = "$(TARGET_NAME)";
				SWIFT_EMIT_LOC_STRINGS = NO;
				SWIFT_VERSION = 5.0;
				TARGETED_DEVICE_FAMILY = "1,2";
				TEST_HOST = "$(BUILT_PRODUCTS_DIR)/CoursePhotoApp.app/$(BUNDLE_EXECUTABLE_FOLDER_PATH)/CoursePhotoApp";
			};
			name = Debug;
		};
		18995BEA2A78712B005F9458 /* Release */ = {
			isa = XCBuildConfiguration;
			buildSettings = {
				ALWAYS_EMBED_SWIFT_STANDARD_LIBRARIES = YES;
				BUNDLE_LOADER = "$(TEST_HOST)";
				CODE_SIGN_STYLE = Automatic;
				CURRENT_PROJECT_VERSION = 1;
				DEVELOPMENT_TEAM = 66GC8JYBL7;
				GENERATE_INFOPLIST_FILE = YES;
				IPHONEOS_DEPLOYMENT_TARGET = 16.4;
				MARKETING_VERSION = 1.0;
				PRODUCT_BUNDLE_IDENTIFIER = io.johnathan.CoursePhotoAppTests;
				PRODUCT_NAME = "$(TARGET_NAME)";
				SWIFT_EMIT_LOC_STRINGS = NO;
				SWIFT_VERSION = 5.0;
				TARGETED_DEVICE_FAMILY = "1,2";
				TEST_HOST = "$(BUILT_PRODUCTS_DIR)/CoursePhotoApp.app/$(BUNDLE_EXECUTABLE_FOLDER_PATH)/CoursePhotoApp";
			};
			name = Release;
		};
		18995BEC2A78712B005F9458 /* Debug */ = {
			isa = XCBuildConfiguration;
			buildSettings = {
				ALWAYS_EMBED_SWIFT_STANDARD_LIBRARIES = YES;
				CODE_SIGN_STYLE = Automatic;
				CURRENT_PROJECT_VERSION = 1;
				DEVELOPMENT_TEAM = 66GC8JYBL7;
				GENERATE_INFOPLIST_FILE = YES;
				MARKETING_VERSION = 1.0;
				PRODUCT_BUNDLE_IDENTIFIER = io.johnathan.CoursePhotoAppUITests;
				PRODUCT_NAME = "$(TARGET_NAME)";
				SWIFT_EMIT_LOC_STRINGS = NO;
				SWIFT_VERSION = 5.0;
				TARGETED_DEVICE_FAMILY = "1,2";
				TEST_TARGET_NAME = CoursePhotoApp;
			};
			name = Debug;
		};
		18995BED2A78712B005F9458 /* Release */ = {
			isa = XCBuildConfiguration;
			buildSettings = {
				ALWAYS_EMBED_SWIFT_STANDARD_LIBRARIES = YES;
				CODE_SIGN_STYLE = Automatic;
				CURRENT_PROJECT_VERSION = 1;
				DEVELOPMENT_TEAM = 66GC8JYBL7;
				GENERATE_INFOPLIST_FILE = YES;
				MARKETING_VERSION = 1.0;
				PRODUCT_BUNDLE_IDENTIFIER = io.johnathan.CoursePhotoAppUITests;
				PRODUCT_NAME = "$(TARGET_NAME)";
				SWIFT_EMIT_LOC_STRINGS = NO;
				SWIFT_VERSION = 5.0;
				TARGETED_DEVICE_FAMILY = "1,2";
				TEST_TARGET_NAME = CoursePhotoApp;
			};
			name = Release;
		};
/* End XCBuildConfiguration section */

/* Begin XCConfigurationList section */
		18995BBC2A787129005F9458 /* Build configuration list for PBXProject "CoursePhotoApp" */ = {
			isa = XCConfigurationList;
			buildConfigurations = (
				18995BE32A78712B005F9458 /* Debug */,
				18995BE42A78712B005F9458 /* Release */,
			);
			defaultConfigurationIsVisible = 0;
			defaultConfigurationName = Release;
		};
		18995BE52A78712B005F9458 /* Build configuration list for PBXNativeTarget "CoursePhotoApp" */ = {
			isa = XCConfigurationList;
			buildConfigurations = (
				18995BE62A78712B005F9458 /* Debug */,
				18995BE72A78712B005F9458 /* Release */,
			);
			defaultConfigurationIsVisible = 0;
			defaultConfigurationName = Release;
		};
		18995BE82A78712B005F9458 /* Build configuration list for PBXNativeTarget "CoursePhotoAppTests" */ = {
			isa = XCConfigurationList;
			buildConfigurations = (
				18995BE92A78712B005F9458 /* Debug */,
				18995BEA2A78712B005F9458 /* Release */,
			);
			defaultConfigurationIsVisible = 0;
			defaultConfigurationName = Release;
		};
		18995BEB2A78712B005F9458 /* Build configuration list for PBXNativeTarget "CoursePhotoAppUITests" */ = {
			isa = XCConfigurationList;
			buildConfigurations = (
				18995BEC2A78712B005F9458 /* Debug */,
				18995BED2A78712B005F9458 /* Release */,
			);
			defaultConfigurationIsVisible = 0;
			defaultConfigurationName = Release;
		};
/* End XCConfigurationList section */
	};
	rootObject = 18995BB92A787129005F9458 /* Project object */;
}
